// !$*UTF8*$!
{
	archiveVersion = 1;
	classes = {
	};
	objectVersion = 50;
	objects = {

/* Begin PBXBuildFile section */
		1650F67D22BCE934006C4951 /* AppDelegate.swift in Sources */ = {isa = PBXBuildFile; fileRef = 1650F67C22BCE934006C4951 /* AppDelegate.swift */; };
		1650F67F22BCE934006C4951 /* ViewController.swift in Sources */ = {isa = PBXBuildFile; fileRef = 1650F67E22BCE934006C4951 /* ViewController.swift */; };
		1650F68122BCE936006C4951 /* Assets.xcassets in Resources */ = {isa = PBXBuildFile; fileRef = 1650F68022BCE936006C4951 /* Assets.xcassets */; };
		1650F68422BCE936006C4951 /* Main.storyboard in Resources */ = {isa = PBXBuildFile; fileRef = 1650F68222BCE936006C4951 /* Main.storyboard */; };
		1650F69022BCE936006C4951 /* System_InfoTests.swift in Sources */ = {isa = PBXBuildFile; fileRef = 1650F68F22BCE936006C4951 /* System_InfoTests.swift */; };
		1650F69B22BCE936006C4951 /* System_InfoUITests.swift in Sources */ = {isa = PBXBuildFile; fileRef = 1650F69A22BCE936006C4951 /* System_InfoUITests.swift */; };
/* End PBXBuildFile section */

/* Begin PBXContainerItemProxy section */
		1650F68C22BCE936006C4951 /* PBXContainerItemProxy */ = {
			isa = PBXContainerItemProxy;
			containerPortal = 1650F67122BCE934006C4951 /* Project object */;
			proxyType = 1;
			remoteGlobalIDString = 1650F67822BCE934006C4951;
			remoteInfo = "System Info";
		};
		1650F69722BCE936006C4951 /* PBXContainerItemProxy */ = {
			isa = PBXContainerItemProxy;
			containerPortal = 1650F67122BCE934006C4951 /* Project object */;
			proxyType = 1;
			remoteGlobalIDString = 1650F67822BCE934006C4951;
			remoteInfo = "System Info";
		};
/* End PBXContainerItemProxy section */

/* Begin PBXFileReference section */
		1650F67922BCE934006C4951 /* System Info.app */ = {isa = PBXFileReference; explicitFileType = wrapper.application; includeInIndex = 0; path = "System Info.app"; sourceTree = BUILT_PRODUCTS_DIR; };
		1650F67C22BCE934006C4951 /* AppDelegate.swift */ = {isa = PBXFileReference; lastKnownFileType = sourcecode.swift; path = AppDelegate.swift; sourceTree = "<group>"; };
		1650F67E22BCE934006C4951 /* ViewController.swift */ = {isa = PBXFileReference; lastKnownFileType = sourcecode.swift; path = ViewController.swift; sourceTree = "<group>"; };
		1650F68022BCE936006C4951 /* Assets.xcassets */ = {isa = PBXFileReference; lastKnownFileType = folder.assetcatalog; path = Assets.xcassets; sourceTree = "<group>"; };
		1650F68322BCE936006C4951 /* Base */ = {isa = PBXFileReference; lastKnownFileType = file.storyboard; name = Base; path = Base.lproj/Main.storyboard; sourceTree = "<group>"; };
		1650F68522BCE936006C4951 /* Info.plist */ = {isa = PBXFileReference; lastKnownFileType = text.plist.xml; path = Info.plist; sourceTree = "<group>"; };
		1650F68622BCE936006C4951 /* System_Info.entitlements */ = {isa = PBXFileReference; lastKnownFileType = text.plist.entitlements; path = System_Info.entitlements; sourceTree = "<group>"; };
		1650F68B22BCE936006C4951 /* System InfoTests.xctest */ = {isa = PBXFileReference; explicitFileType = wrapper.cfbundle; includeInIndex = 0; path = "System InfoTests.xctest"; sourceTree = BUILT_PRODUCTS_DIR; };
		1650F68F22BCE936006C4951 /* System_InfoTests.swift */ = {isa = PBXFileReference; lastKnownFileType = sourcecode.swift; path = System_InfoTests.swift; sourceTree = "<group>"; };
		1650F69122BCE936006C4951 /* Info.plist */ = {isa = PBXFileReference; lastKnownFileType = text.plist.xml; path = Info.plist; sourceTree = "<group>"; };
		1650F69622BCE936006C4951 /* System InfoUITests.xctest */ = {isa = PBXFileReference; explicitFileType = wrapper.cfbundle; includeInIndex = 0; path = "System InfoUITests.xctest"; sourceTree = BUILT_PRODUCTS_DIR; };
		1650F69A22BCE936006C4951 /* System_InfoUITests.swift */ = {isa = PBXFileReference; lastKnownFileType = sourcecode.swift; path = System_InfoUITests.swift; sourceTree = "<group>"; };
		1650F69C22BCE936006C4951 /* Info.plist */ = {isa = PBXFileReference; lastKnownFileType = text.plist.xml; path = Info.plist; sourceTree = "<group>"; };
/* End PBXFileReference section */

/* Begin PBXFrameworksBuildPhase section */
		1650F67622BCE934006C4951 /* Frameworks */ = {
			isa = PBXFrameworksBuildPhase;
			buildActionMask = 2147483647;
			files = (
			);
			runOnlyForDeploymentPostprocessing = 0;
		};
		1650F68822BCE936006C4951 /* Frameworks */ = {
			isa = PBXFrameworksBuildPhase;
			buildActionMask = 2147483647;
			files = (
			);
			runOnlyForDeploymentPostprocessing = 0;
		};
		1650F69322BCE936006C4951 /* Frameworks */ = {
			isa = PBXFrameworksBuildPhase;
			buildActionMask = 2147483647;
			files = (
			);
			runOnlyForDeploymentPostprocessing = 0;
		};
/* End PBXFrameworksBuildPhase section */

/* Begin PBXGroup section */
		1650F67022BCE934006C4951 = {
			isa = PBXGroup;
			children = (
				1650F67B22BCE934006C4951 /* System Info */,
				1650F68E22BCE936006C4951 /* System InfoTests */,
				1650F69922BCE936006C4951 /* System InfoUITests */,
				1650F67A22BCE934006C4951 /* Products */,
			);
			sourceTree = "<group>";
		};
		1650F67A22BCE934006C4951 /* Products */ = {
			isa = PBXGroup;
			children = (
				1650F67922BCE934006C4951 /* System Info.app */,
				1650F68B22BCE936006C4951 /* System InfoTests.xctest */,
				1650F69622BCE936006C4951 /* System InfoUITests.xctest */,
			);
			name = Products;
			sourceTree = "<group>";
		};
		1650F67B22BCE934006C4951 /* System Info */ = {
			isa = PBXGroup;
			children = (
				1650F67C22BCE934006C4951 /* AppDelegate.swift */,
				1650F67E22BCE934006C4951 /* ViewController.swift */,
				1650F68022BCE936006C4951 /* Assets.xcassets */,
				1650F68222BCE936006C4951 /* Main.storyboard */,
				1650F68522BCE936006C4951 /* Info.plist */,
				1650F68622BCE936006C4951 /* System_Info.entitlements */,
			);
			path = "System Info";
			sourceTree = "<group>";
		};
		1650F68E22BCE936006C4951 /* System InfoTests */ = {
			isa = PBXGroup;
			children = (
				1650F68F22BCE936006C4951 /* System_InfoTests.swift */,
				1650F69122BCE936006C4951 /* Info.plist */,
			);
			path = "System InfoTests";
			sourceTree = "<group>";
		};
		1650F69922BCE936006C4951 /* System InfoUITests */ = {
			isa = PBXGroup;
			children = (
				1650F69A22BCE936006C4951 /* System_InfoUITests.swift */,
				1650F69C22BCE936006C4951 /* Info.plist */,
			);
			path = "System InfoUITests";
			sourceTree = "<group>";
		};
/* End PBXGroup section */

/* Begin PBXNativeTarget section */
		1650F67822BCE934006C4951 /* System Info */ = {
			isa = PBXNativeTarget;
			buildConfigurationList = 1650F69F22BCE936006C4951 /* Build configuration list for PBXNativeTarget "System Info" */;
			buildPhases = (
				1650F67522BCE934006C4951 /* Sources */,
				1650F67622BCE934006C4951 /* Frameworks */,
				1650F67722BCE934006C4951 /* Resources */,
			);
			buildRules = (
			);
			dependencies = (
			);
			name = "System Info";
			productName = "System Info";
			productReference = 1650F67922BCE934006C4951 /* System Info.app */;
			productType = "com.apple.product-type.application";
		};
		1650F68A22BCE936006C4951 /* System InfoTests */ = {
			isa = PBXNativeTarget;
			buildConfigurationList = 1650F6A222BCE936006C4951 /* Build configuration list for PBXNativeTarget "System InfoTests" */;
			buildPhases = (
				1650F68722BCE936006C4951 /* Sources */,
				1650F68822BCE936006C4951 /* Frameworks */,
				1650F68922BCE936006C4951 /* Resources */,
			);
			buildRules = (
			);
			dependencies = (
				1650F68D22BCE936006C4951 /* PBXTargetDependency */,
			);
			name = "System InfoTests";
			productName = "System InfoTests";
			productReference = 1650F68B22BCE936006C4951 /* System InfoTests.xctest */;
			productType = "com.apple.product-type.bundle.unit-test";
		};
		1650F69522BCE936006C4951 /* System InfoUITests */ = {
			isa = PBXNativeTarget;
			buildConfigurationList = 1650F6A522BCE936006C4951 /* Build configuration list for PBXNativeTarget "System InfoUITests" */;
			buildPhases = (
				1650F69222BCE936006C4951 /* Sources */,
				1650F69322BCE936006C4951 /* Frameworks */,
				1650F69422BCE936006C4951 /* Resources */,
			);
			buildRules = (
			);
			dependencies = (
				1650F69822BCE936006C4951 /* PBXTargetDependency */,
			);
			name = "System InfoUITests";
			productName = "System InfoUITests";
			productReference = 1650F69622BCE936006C4951 /* System InfoUITests.xctest */;
			productType = "com.apple.product-type.bundle.ui-testing";
		};
/* End PBXNativeTarget section */

/* Begin PBXProject section */
		1650F67122BCE934006C4951 /* Project object */ = {
			isa = PBXProject;
			attributes = {
				LastSwiftUpdateCheck = 1020;
				LastUpgradeCheck = 1020;
				ORGANIZATIONNAME = "Thuong Nguyen Van";
				TargetAttributes = {
					1650F67822BCE934006C4951 = {
						CreatedOnToolsVersion = 10.2.1;
					};
					1650F68A22BCE936006C4951 = {
						CreatedOnToolsVersion = 10.2.1;
						TestTargetID = 1650F67822BCE934006C4951;
					};
					1650F69522BCE936006C4951 = {
						CreatedOnToolsVersion = 10.2.1;
						TestTargetID = 1650F67822BCE934006C4951;
					};
				};
			};
			buildConfigurationList = 1650F67422BCE934006C4951 /* Build configuration list for PBXProject "System Info" */;
			compatibilityVersion = "Xcode 9.3";
			developmentRegion = en;
			hasScannedForEncodings = 0;
			knownRegions = (
				en,
				Base,
			);
			mainGroup = 1650F67022BCE934006C4951;
			productRefGroup = 1650F67A22BCE934006C4951 /* Products */;
			projectDirPath = "";
			projectRoot = "";
			targets = (
				1650F67822BCE934006C4951 /* System Info */,
				1650F68A22BCE936006C4951 /* System InfoTests */,
				1650F69522BCE936006C4951 /* System InfoUITests */,
			);
		};
/* End PBXProject section */

/* Begin PBXResourcesBuildPhase section */
		1650F67722BCE934006C4951 /* Resources */ = {
			isa = PBXResourcesBuildPhase;
			buildActionMask = 2147483647;
			files = (
				1650F68122BCE936006C4951 /* Assets.xcassets in Resources */,
				1650F68422BCE936006C4951 /* Main.storyboard in Resources */,
			);
			runOnlyForDeploymentPostprocessing = 0;
		};
		1650F68922BCE936006C4951 /* Resources */ = {
			isa = PBXResourcesBuildPhase;
			buildActionMask = 2147483647;
			files = (
			);
			runOnlyForDeploymentPostprocessing = 0;
		};
		1650F69422BCE936006C4951 /* Resources */ = {
			isa = PBXResourcesBuildPhase;
			buildActionMask = 2147483647;
			files = (
			);
			runOnlyForDeploymentPostprocessing = 0;
		};
/* End PBXResourcesBuildPhase section */

/* Begin PBXSourcesBuildPhase section */
		1650F67522BCE934006C4951 /* Sources */ = {
			isa = PBXSourcesBuildPhase;
			buildActionMask = 2147483647;
			files = (
				1650F67F22BCE934006C4951 /* ViewController.swift in Sources */,
				1650F67D22BCE934006C4951 /* AppDelegate.swift in Sources */,
			);
			runOnlyForDeploymentPostprocessing = 0;
		};
		1650F68722BCE936006C4951 /* Sources */ = {
			isa = PBXSourcesBuildPhase;
			buildActionMask = 2147483647;
			files = (
				1650F69022BCE936006C4951 /* System_InfoTests.swift in Sources */,
			);
			runOnlyForDeploymentPostprocessing = 0;
		};
		1650F69222BCE936006C4951 /* Sources */ = {
			isa = PBXSourcesBuildPhase;
			buildActionMask = 2147483647;
			files = (
				1650F69B22BCE936006C4951 /* System_InfoUITests.swift in Sources */,
			);
			runOnlyForDeploymentPostprocessing = 0;
		};
/* End PBXSourcesBuildPhase section */

/* Begin PBXTargetDependency section */
		1650F68D22BCE936006C4951 /* PBXTargetDependency */ = {
			isa = PBXTargetDependency;
			target = 1650F67822BCE934006C4951 /* System Info */;
			targetProxy = 1650F68C22BCE936006C4951 /* PBXContainerItemProxy */;
		};
		1650F69822BCE936006C4951 /* PBXTargetDependency */ = {
			isa = PBXTargetDependency;
			target = 1650F67822BCE934006C4951 /* System Info */;
			targetProxy = 1650F69722BCE936006C4951 /* PBXContainerItemProxy */;
		};
/* End PBXTargetDependency section */

/* Begin PBXVariantGroup section */
		1650F68222BCE936006C4951 /* Main.storyboard */ = {
			isa = PBXVariantGroup;
			children = (
				1650F68322BCE936006C4951 /* Base */,
			);
			name = Main.storyboard;
			sourceTree = "<group>";
		};
/* End PBXVariantGroup section */

/* Begin XCBuildConfiguration section */
		1650F69D22BCE936006C4951 /* Debug */ = {
			isa = XCBuildConfiguration;
			buildSettings = {
				ALWAYS_SEARCH_USER_PATHS = NO;
				CLANG_ANALYZER_NONNULL = YES;
				CLANG_ANALYZER_NUMBER_OBJECT_CONVERSION = YES_AGGRESSIVE;
				CLANG_CXX_LANGUAGE_STANDARD = "gnu++14";
				CLANG_CXX_LIBRARY = "libc++";
				CLANG_ENABLE_MODULES = YES;
				CLANG_ENABLE_OBJC_ARC = YES;
				CLANG_ENABLE_OBJC_WEAK = YES;
				CLANG_WARN_BLOCK_CAPTURE_AUTORELEASING = YES;
				CLANG_WARN_BOOL_CONVERSION = YES;
				CLANG_WARN_COMMA = YES;
				CLANG_WARN_CONSTANT_CONVERSION = YES;
				CLANG_WARN_DEPRECATED_OBJC_IMPLEMENTATIONS = YES;
				CLANG_WARN_DIRECT_OBJC_ISA_USAGE = YES_ERROR;
				CLANG_WARN_DOCUMENTATION_COMMENTS = YES;
				CLANG_WARN_EMPTY_BODY = YES;
				CLANG_WARN_ENUM_CONVERSION = YES;
				CLANG_WARN_INFINITE_RECURSION = YES;
				CLANG_WARN_INT_CONVERSION = YES;
				CLANG_WARN_NON_LITERAL_NULL_CONVERSION = YES;
				CLANG_WARN_OBJC_IMPLICIT_RETAIN_SELF = YES;
				CLANG_WARN_OBJC_LITERAL_CONVERSION = YES;
				CLANG_WARN_OBJC_ROOT_CLASS = YES_ERROR;
				CLANG_WARN_RANGE_LOOP_ANALYSIS = YES;
				CLANG_WARN_STRICT_PROTOTYPES = YES;
				CLANG_WARN_SUSPICIOUS_MOVE = YES;
				CLANG_WARN_UNGUARDED_AVAILABILITY = YES_AGGRESSIVE;
				CLANG_WARN_UNREACHABLE_CODE = YES;
				CLANG_WARN__DUPLICATE_METHOD_MATCH = YES;
				CODE_SIGN_IDENTITY = "-";
				COPY_PHASE_STRIP = NO;
				DEBUG_INFORMATION_FORMAT = dwarf;
				ENABLE_STRICT_OBJC_MSGSEND = YES;
				ENABLE_TESTABILITY = YES;
				GCC_C_LANGUAGE_STANDARD = gnu11;
				GCC_DYNAMIC_NO_PIC = NO;
				GCC_NO_COMMON_BLOCKS = YES;
				GCC_OPTIMIZATION_LEVEL = 0;
				GCC_PREPROCESSOR_DEFINITIONS = (
					"DEBUG=1",
					"$(inherited)",
				);
				GCC_WARN_64_TO_32_BIT_CONVERSION = YES;
				GCC_WARN_ABOUT_RETURN_TYPE = YES_ERROR;
				GCC_WARN_UNDECLARED_SELECTOR = YES;
				GCC_WARN_UNINITIALIZED_AUTOS = YES_AGGRESSIVE;
				GCC_WARN_UNUSED_FUNCTION = YES;
				GCC_WARN_UNUSED_VARIABLE = YES;
				MACOSX_DEPLOYMENT_TARGET = 10.14;
				MTL_ENABLE_DEBUG_INFO = INCLUDE_SOURCE;
				MTL_FAST_MATH = YES;
				ONLY_ACTIVE_ARCH = YES;
				SDKROOT = macosx;
				SWIFT_ACTIVE_COMPILATION_CONDITIONS = DEBUG;
				SWIFT_OPTIMIZATION_LEVEL = "-Onone";
			};
			name = Debug;
		};
		1650F69E22BCE936006C4951 /* Release */ = {
			isa = XCBuildConfiguration;
			buildSettings = {
				ALWAYS_SEARCH_USER_PATHS = NO;
				CLANG_ANALYZER_NONNULL = YES;
				CLANG_ANALYZER_NUMBER_OBJECT_CONVERSION = YES_AGGRESSIVE;
				CLANG_CXX_LANGUAGE_STANDARD = "gnu++14";
				CLANG_CXX_LIBRARY = "libc++";
				CLANG_ENABLE_MODULES = YES;
				CLANG_ENABLE_OBJC_ARC = YES;
				CLANG_ENABLE_OBJC_WEAK = YES;
				CLANG_WARN_BLOCK_CAPTURE_AUTORELEASING = YES;
				CLANG_WARN_BOOL_CONVERSION = YES;
				CLANG_WARN_COMMA = YES;
				CLANG_WARN_CONSTANT_CONVERSION = YES;
				CLANG_WARN_DEPRECATED_OBJC_IMPLEMENTATIONS = YES;
				CLANG_WARN_DIRECT_OBJC_ISA_USAGE = YES_ERROR;
				CLANG_WARN_DOCUMENTATION_COMMENTS = YES;
				CLANG_WARN_EMPTY_BODY = YES;
				CLANG_WARN_ENUM_CONVERSION = YES;
				CLANG_WARN_INFINITE_RECURSION = YES;
				CLANG_WARN_INT_CONVERSION = YES;
				CLANG_WARN_NON_LITERAL_NULL_CONVERSION = YES;
				CLANG_WARN_OBJC_IMPLICIT_RETAIN_SELF = YES;
				CLANG_WARN_OBJC_LITERAL_CONVERSION = YES;
				CLANG_WARN_OBJC_ROOT_CLASS = YES_ERROR;
				CLANG_WARN_RANGE_LOOP_ANALYSIS = YES;
				CLANG_WARN_STRICT_PROTOTYPES = YES;
				CLANG_WARN_SUSPICIOUS_MOVE = YES;
				CLANG_WARN_UNGUARDED_AVAILABILITY = YES_AGGRESSIVE;
				CLANG_WARN_UNREACHABLE_CODE = YES;
				CLANG_WARN__DUPLICATE_METHOD_MATCH = YES;
				CODE_SIGN_IDENTITY = "-";
				COPY_PHASE_STRIP = NO;
				DEBUG_INFORMATION_FORMAT = "dwarf-with-dsym";
				ENABLE_NS_ASSERTIONS = NO;
				ENABLE_STRICT_OBJC_MSGSEND = YES;
				GCC_C_LANGUAGE_STANDARD = gnu11;
				GCC_NO_COMMON_BLOCKS = YES;
				GCC_WARN_64_TO_32_BIT_CONVERSION = YES;
				GCC_WARN_ABOUT_RETURN_TYPE = YES_ERROR;
				GCC_WARN_UNDECLARED_SELECTOR = YES;
				GCC_WARN_UNINITIALIZED_AUTOS = YES_AGGRESSIVE;
				GCC_WARN_UNUSED_FUNCTION = YES;
				GCC_WARN_UNUSED_VARIABLE = YES;
				MACOSX_DEPLOYMENT_TARGET = 10.14;
				MTL_ENABLE_DEBUG_INFO = NO;
				MTL_FAST_MATH = YES;
				SDKROOT = macosx;
				SWIFT_COMPILATION_MODE = wholemodule;
				SWIFT_OPTIMIZATION_LEVEL = "-O";
			};
			name = Release;
		};
		1650F6A022BCE936006C4951 /* Debug */ = {
			isa = XCBuildConfiguration;
			buildSettings = {
				ASSETCATALOG_COMPILER_APPICON_NAME = AppIcon;
				CODE_SIGN_ENTITLEMENTS = "System Info/System_Info.entitlements";
				CODE_SIGN_STYLE = Automatic;
				COMBINE_HIDPI_IMAGES = YES;
				INFOPLIST_FILE = "System Info/Info.plist";
				LD_RUNPATH_SEARCH_PATHS = (
					"$(inherited)",
					"@executable_path/../Frameworks",
				);
				PRODUCT_BUNDLE_IDENTIFIER = "khatvongtre.System-Info";
				PRODUCT_NAME = "$(TARGET_NAME)";
				SWIFT_VERSION = 5.0;
			};
			name = Debug;
		};
		1650F6A122BCE936006C4951 /* Release */ = {
			isa = XCBuildConfiguration;
			buildSettings = {
				ASSETCATALOG_COMPILER_APPICON_NAME = AppIcon;
				CODE_SIGN_ENTITLEMENTS = "System Info/System_Info.entitlements";
				CODE_SIGN_STYLE = Automatic;
				COMBINE_HIDPI_IMAGES = YES;
				INFOPLIST_FILE = "System Info/Info.plist";
				LD_RUNPATH_SEARCH_PATHS = (
					"$(inherited)",
					"@executable_path/../Frameworks",
				);
				PRODUCT_BUNDLE_IDENTIFIER = "khatvongtre.System-Info";
				PRODUCT_NAME = "$(TARGET_NAME)";
				SWIFT_VERSION = 5.0;
			};
			name = Release;
		};
		1650F6A322BCE936006C4951 /* Debug */ = {
			isa = XCBuildConfiguration;
			buildSettings = {
				ALWAYS_EMBED_SWIFT_STANDARD_LIBRARIES = YES;
				BUNDLE_LOADER = "$(TEST_HOST)";
				CODE_SIGN_STYLE = Automatic;
				COMBINE_HIDPI_IMAGES = YES;
				INFOPLIST_FILE = "System InfoTests/Info.plist";
				LD_RUNPATH_SEARCH_PATHS = (
					"$(inherited)",
					"@executable_path/../Frameworks",
					"@loader_path/../Frameworks",
				);
				PRODUCT_BUNDLE_IDENTIFIER = "khatvongtre.System-InfoTests";
				PRODUCT_NAME = "$(TARGET_NAME)";
				SWIFT_VERSION = 5.0;
				TEST_HOST = "$(BUILT_PRODUCTS_DIR)/System Info.app/Contents/MacOS/System Info";
			};
			name = Debug;
		};
		1650F6A422BCE936006C4951 /* Release */ = {
			isa = XCBuildConfiguration;
			buildSettings = {
				ALWAYS_EMBED_SWIFT_STANDARD_LIBRARIES = YES;
				BUNDLE_LOADER = "$(TEST_HOST)";
				CODE_SIGN_STYLE = Automatic;
				COMBINE_HIDPI_IMAGES = YES;
				INFOPLIST_FILE = "System InfoTests/Info.plist";
				LD_RUNPATH_SEARCH_PATHS = (
					"$(inherited)",
					"@executable_path/../Frameworks",
					"@loader_path/../Frameworks",
				);
				PRODUCT_BUNDLE_IDENTIFIER = "khatvongtre.System-InfoTests";
				PRODUCT_NAME = "$(TARGET_NAME)";
				SWIFT_VERSION = 5.0;
				TEST_HOST = "$(BUILT_PRODUCTS_DIR)/System Info.app/Contents/MacOS/System Info";
			};
			name = Release;
		};
		1650F6A622BCE936006C4951 /* Debug */ = {
			isa = XCBuildConfiguration;
			buildSettings = {
				ALWAYS_EMBED_SWIFT_STANDARD_LIBRARIES = YES;
				CODE_SIGN_STYLE = Automatic;
				COMBINE_HIDPI_IMAGES = YES;
				INFOPLIST_FILE = "System InfoUITests/Info.plist";
				LD_RUNPATH_SEARCH_PATHS = (
					"$(inherited)",
					"@executable_path/../Frameworks",
					"@loader_path/../Frameworks",
				);
				PRODUCT_BUNDLE_IDENTIFIER = "khatvongtre.System-InfoUITests";
				PRODUCT_NAME = "$(TARGET_NAME)";
				SWIFT_VERSION = 5.0;
				TEST_TARGET_NAME = "System Info";
			};
			name = Debug;
		};
		1650F6A722BCE936006C4951 /* Release */ = {
			isa = XCBuildConfiguration;
			buildSettings = {
				ALWAYS_EMBED_SWIFT_STANDARD_LIBRARIES = YES;
				CODE_SIGN_STYLE = Automatic;
				COMBINE_HIDPI_IMAGES = YES;
				INFOPLIST_FILE = "System InfoUITests/Info.plist";
				LD_RUNPATH_SEARCH_PATHS = (
					"$(inherited)",
					"@executable_path/../Frameworks",
					"@loader_path/../Frameworks",
				);
				PRODUCT_BUNDLE_IDENTIFIER = "khatvongtre.System-InfoUITests";
				PRODUCT_NAME = "$(TARGET_NAME)";
				SWIFT_VERSION = 5.0;
				TEST_TARGET_NAME = "System Info";
			};
			name = Release;
		};
/* End XCBuildConfiguration section */

/* Begin XCConfigurationList section */
		1650F67422BCE934006C4951 /* Build configuration list for PBXProject "System Info" */ = {
			isa = XCConfigurationList;
			buildConfigurations = (
				1650F69D22BCE936006C4951 /* Debug */,
				1650F69E22BCE936006C4951 /* Release */,
			);
			defaultConfigurationIsVisible = 0;
			defaultConfigurationName = Release;
		};
		1650F69F22BCE936006C4951 /* Build configuration list for PBXNativeTarget "System Info" */ = {
			isa = XCConfigurationList;
			buildConfigurations = (
				1650F6A022BCE936006C4951 /* Debug */,
				1650F6A122BCE936006C4951 /* Release */,
			);
			defaultConfigurationIsVisible = 0;
			defaultConfigurationName = Release;
		};
		1650F6A222BCE936006C4951 /* Build configuration list for PBXNativeTarget "System InfoTests" */ = {
			isa = XCConfigurationList;
			buildConfigurations = (
				1650F6A322BCE936006C4951 /* Debug */,
				1650F6A422BCE936006C4951 /* Release */,
			);
			defaultConfigurationIsVisible = 0;
			defaultConfigurationName = Release;
		};
		1650F6A522BCE936006C4951 /* Build configuration list for PBXNativeTarget "System InfoUITests" */ = {
			isa = XCConfigurationList;
			buildConfigurations = (
				1650F6A622BCE936006C4951 /* Debug */,
				1650F6A722BCE936006C4951 /* Release */,
			);
			defaultConfigurationIsVisible = 0;
			defaultConfigurationName = Release;
		};
/* End XCConfigurationList section */
	};
	rootObject = 1650F67122BCE934006C4951 /* Project object */;
}
